
Microsoft Visual Studio Solution File, Format Version 12.00
# Visual Studio Version 17
VisualStudioVersion = 17.13.35825.156 d17.13
MinimumVisualStudioVersion = 10.0.40219.1
Project("{FAE04EC0-301F-11D3-BF4B-00C04F79EFBC}") = "Lethal_Organization", "Lethal_Organization.csproj", "{08C8A66C-F5FB-4D61-ABBB-106C777B8843}"
EndProject
Global
	GlobalSection(SolutionConfigurationPlatforms) = preSolution
		Debug|Any CPU = Debug|Any CPU
		Release|Any CPU = Release|Any CPU
	EndGlobalSection
	GlobalSection(ProjectConfigurationPlatforms) = postSolution
		{08C8A66C-F5FB-4D61-ABBB-106C777B8843}.Debug|Any CPU.ActiveCfg = Debug|Any CPU
		{08C8A66C-F5FB-4D61-ABBB-106C777B8843}.Debug|Any CPU.Build.0 = Debug|Any CPU
		{08C8A66C-F5FB-4D61-ABBB-106C777B8843}.Release|Any CPU.ActiveCfg = Release|Any CPU
		{08C8A66C-F5FB-4D61-ABBB-106C777B8843}.Release|Any CPU.Build.0 = Release|Any CPU
	EndGlobalSection
	GlobalSection(SolutionProperties) = preSolution
		HideSolutionNode = FALSE
	EndGlobalSection
	GlobalSection(ExtensibilityGlobals) = postSolution
		SolutionGuid = {074E796E-82AE-47CB-A4B9-2112A50019BB}
	EndGlobalSection
EndGlobal
